
Microsoft Visual Studio Solution File, Format Version 12.00
# Visual Studio Version 17
VisualStudioVersion = 17.5.33530.505
MinimumVisualStudioVersion = 10.0.40219.1
Project("{9A19103F-16F7-4668-BE54-9A1E7A4F7556}") = "gameFramework", "gameFramework\gameFramework.csproj", "{9088FEFA-2154-4612-A1BD-C5E084A69A2E}"
EndProject
Project("{FAE04EC0-301F-11D3-BF4B-00C04F79EFBC}") = "game", "game\game.csproj", "{58453E95-E92A-434B-BB09-BE0C6F065B9F}"
EndProject
Global
	GlobalSection(SolutionConfigurationPlatforms) = preSolution
		Debug|Any CPU = Debug|Any CPU
		Release|Any CPU = Release|Any CPU
	EndGlobalSection
	GlobalSection(ProjectConfigurationPlatforms) = postSolution
		{9088FEFA-2154-4612-A1BD-C5E084A69A2E}.Debug|Any CPU.ActiveCfg = Debug|Any CPU
		{9088FEFA-2154-4612-A1BD-C5E084A69A2E}.Debug|Any CPU.Build.0 = Debug|Any CPU
		{9088FEFA-2154-4612-A1BD-C5E084A69A2E}.Release|Any CPU.ActiveCfg = Release|Any CPU
		{9088FEFA-2154-4612-A1BD-C5E084A69A2E}.Release|Any CPU.Build.0 = Release|Any CPU
		{58453E95-E92A-434B-BB09-BE0C6F065B9F}.Debug|Any CPU.ActiveCfg = Debug|Any CPU
		{58453E95-E92A-434B-BB09-BE0C6F065B9F}.Debug|Any CPU.Build.0 = Debug|Any CPU
		{58453E95-E92A-434B-BB09-BE0C6F065B9F}.Release|Any CPU.ActiveCfg = Release|Any CPU
		{58453E95-E92A-434B-BB09-BE0C6F065B9F}.Release|Any CPU.Build.0 = Release|Any CPU
	EndGlobalSection
	GlobalSection(SolutionProperties) = preSolution
		HideSolutionNode = FALSE
	EndGlobalSection
	GlobalSection(ExtensibilityGlobals) = postSolution
		SolutionGuid = {407D89F8-E328-4031-B8A7-CDF43A70A777}
	EndGlobalSection
EndGlobal
